
Microsoft Visual Studio Solution File, Format Version 12.00
# Visual Studio 15
VisualStudioVersion = 15.0.28010.2041
MinimumVisualStudioVersion = 10.0.40219.1
Project("{8BC9CEB8-8B4A-11D0-8D11-00A0C91BC942}") = "Signature", "Signature\Signature.vcxproj", "{350B2B20-AE60-4B9F-AEF5-6A609521B9B0}"
EndProject
Global
	GlobalSection(SolutionConfigurationPlatforms) = preSolution
		Debug|x64 = Debug|x64
		Debug|x86 = Debug|x86
		Release|x64 = Release|x64
		Release|x86 = Release|x86
	EndGlobalSection
	GlobalSection(ProjectConfigurationPlatforms) = postSolution
		{350B2B20-AE60-4B9F-AEF5-6A609521B9B0}.Debug|x64.ActiveCfg = Debug|x64
		{350B2B20-AE60-4B9F-AEF5-6A609521B9B0}.Debug|x64.Build.0 = Debug|x64
		{350B2B20-AE60-4B9F-AEF5-6A609521B9B0}.Debug|x86.ActiveCfg = Debug|Win32
		{350B2B20-AE60-4B9F-AEF5-6A609521B9B0}.Debug|x86.Build.0 = Debug|Win32
		{350B2B20-AE60-4B9F-AEF5-6A609521B9B0}.Release|x64.ActiveCfg = Release|x64
		{350B2B20-AE60-4B9F-AEF5-6A609521B9B0}.Release|x64.Build.0 = Release|x64
		{350B2B20-AE60-4B9F-AEF5-6A609521B9B0}.Release|x86.ActiveCfg = Release|Win32
		{350B2B20-AE60-4B9F-AEF5-6A609521B9B0}.Release|x86.Build.0 = Release|Win32
	EndGlobalSection
	GlobalSection(SolutionProperties) = preSolution
		HideSolutionNode = FALSE
	EndGlobalSection
	GlobalSection(ExtensibilityGlobals) = postSolution
		SolutionGuid = {36FB07F4-34D1-4E03-A106-B9E715604E09}
	EndGlobalSection
EndGlobal
